
Microsoft Visual Studio Solution File, Format Version 12.00
# Visual Studio 15
VisualStudioVersion = 15.0.28307.136
MinimumVisualStudioVersion = 10.0.40219.1
Project("{FAE04EC0-301F-11D3-BF4B-00C04F79EFBC}") = "Product.Android", "Product\Product.Android\Product.Android.csproj", "{6E57E93F-FE59-4E23-8126-D57C90B56FA2}"
EndProject
Project("{D954291E-2A0B-460D-934E-DC6B0785DB48}") = "Product", "Product\Product\Product.shproj", "{F6EC45A8-2BFF-4F4E-9706-8E54B54BBC4E}"
EndProject
Global
	GlobalSection(SharedMSBuildProjectFiles) = preSolution
		Product\Product\Product.projitems*{6e57e93f-fe59-4e23-8126-d57c90b56fa2}*SharedItemsImports = 4
		Product\Product\Product.projitems*{f6ec45a8-2bff-4f4e-9706-8e54b54bbc4e}*SharedItemsImports = 13
	EndGlobalSection
	GlobalSection(SolutionConfigurationPlatforms) = preSolution
		Debug|Any CPU = Debug|Any CPU
		Release|Any CPU = Release|Any CPU
	EndGlobalSection
	GlobalSection(ProjectConfigurationPlatforms) = postSolution
		{6E57E93F-FE59-4E23-8126-D57C90B56FA2}.Debug|Any CPU.ActiveCfg = Debug|Any CPU
		{6E57E93F-FE59-4E23-8126-D57C90B56FA2}.Debug|Any CPU.Build.0 = Debug|Any CPU
		{6E57E93F-FE59-4E23-8126-D57C90B56FA2}.Debug|Any CPU.Deploy.0 = Debug|Any CPU
		{6E57E93F-FE59-4E23-8126-D57C90B56FA2}.Release|Any CPU.ActiveCfg = Release|Any CPU
		{6E57E93F-FE59-4E23-8126-D57C90B56FA2}.Release|Any CPU.Build.0 = Release|Any CPU
		{6E57E93F-FE59-4E23-8126-D57C90B56FA2}.Release|Any CPU.Deploy.0 = Release|Any CPU
	EndGlobalSection
	GlobalSection(SolutionProperties) = preSolution
		HideSolutionNode = FALSE
	EndGlobalSection
	GlobalSection(ExtensibilityGlobals) = postSolution
		SolutionGuid = {04E4D7E6-9CF0-4F19-855B-806C7535F348}
	EndGlobalSection
EndGlobal
